
Microsoft Visual Studio Solution File, Format Version 12.00
# Visual Studio 15
VisualStudioVersion = 15.0.28307.489
MinimumVisualStudioVersion = 10.0.40219.1
Project("{9A19103F-16F7-4668-BE54-9A1E7A4F7556}") = "BankApp", "bankapp\BankApp.csproj", "{24A0CC9F-52B4-4386-9702-76343DC05A40}"
EndProject
Global
	GlobalSection(SolutionConfigurationPlatforms) = preSolution
		Debug|Any CPU = Debug|Any CPU
		Release|Any CPU = Release|Any CPU
	EndGlobalSection
	GlobalSection(ProjectConfigurationPlatforms) = postSolution
		{24A0CC9F-52B4-4386-9702-76343DC05A40}.Debug|Any CPU.ActiveCfg = Debug|Any CPU
		{24A0CC9F-52B4-4386-9702-76343DC05A40}.Debug|Any CPU.Build.0 = Debug|Any CPU
		{24A0CC9F-52B4-4386-9702-76343DC05A40}.Release|Any CPU.ActiveCfg = Release|Any CPU
		{24A0CC9F-52B4-4386-9702-76343DC05A40}.Release|Any CPU.Build.0 = Release|Any CPU
	EndGlobalSection
	GlobalSection(SolutionProperties) = preSolution
		HideSolutionNode = FALSE
	EndGlobalSection
	GlobalSection(ExtensibilityGlobals) = postSolution
		SolutionGuid = {84C637AE-D6C7-4715-B78A-8F4C8CC54BB4}
	EndGlobalSection
EndGlobal
